
Microsoft Visual Studio Solution File, Format Version 12.00
# Visual Studio Version 17
VisualStudioVersion = 17.6.33829.357
MinimumVisualStudioVersion = 10.0.40219.1
Project("{8BC9CEB8-8B4A-11D0-8D11-00A0C91BC942}") = "WindowsProject", "WindowsProject\WindowsProject.vcxproj", "{27CAA04C-7B6E-49D9-A803-588F1AEA92D7}"
EndProject
Global
	GlobalSection(SolutionConfigurationPlatforms) = preSolution
		Debug|x64 = Debug|x64
		Debug|x86 = Debug|x86
		Release|x64 = Release|x64
		Release|x86 = Release|x86
	EndGlobalSection
	GlobalSection(ProjectConfigurationPlatforms) = postSolution
		{27CAA04C-7B6E-49D9-A803-588F1AEA92D7}.Debug|x64.ActiveCfg = Debug|x64
		{27CAA04C-7B6E-49D9-A803-588F1AEA92D7}.Debug|x64.Build.0 = Debug|x64
		{27CAA04C-7B6E-49D9-A803-588F1AEA92D7}.Debug|x86.ActiveCfg = Debug|Win32
		{27CAA04C-7B6E-49D9-A803-588F1AEA92D7}.Debug|x86.Build.0 = Debug|Win32
		{27CAA04C-7B6E-49D9-A803-588F1AEA92D7}.Release|x64.ActiveCfg = Release|x64
		{27CAA04C-7B6E-49D9-A803-588F1AEA92D7}.Release|x64.Build.0 = Release|x64
		{27CAA04C-7B6E-49D9-A803-588F1AEA92D7}.Release|x86.ActiveCfg = Release|Win32
		{27CAA04C-7B6E-49D9-A803-588F1AEA92D7}.Release|x86.Build.0 = Release|Win32
	EndGlobalSection
	GlobalSection(SolutionProperties) = preSolution
		HideSolutionNode = FALSE
	EndGlobalSection
	GlobalSection(ExtensibilityGlobals) = postSolution
		SolutionGuid = {3AA3FE54-7F25-4183-883B-D141A41DB60E}
	EndGlobalSection
EndGlobal
